
Microsoft Visual Studio Solution File, Format Version 12.00
# Visual Studio 15
VisualStudioVersion = 15.0.27130.2020
MinimumVisualStudioVersion = 10.0.40219.1
Project("{FAE04EC0-301F-11D3-BF4B-00C04F79EFBC}") = "01. Passed", "01. Passed\01. Passed.csproj", "{869A157B-3C25-4E12-83E3-486DB1446CD4}"
EndProject
Project("{FAE04EC0-301F-11D3-BF4B-00C04F79EFBC}") = "02. Passed or Failed", "02. Passed or Failed\02. Passed or Failed.csproj", "{EF778B7D-1491-4996-9EC1-5629321A64E3}"
EndProject
Project("{FAE04EC0-301F-11D3-BF4B-00C04F79EFBC}") = "03. Back in 30 Minutes", "03. Back in 30 Minutes\03. Back in 30 Minutes.csproj", "{C01EEDA0-ED10-499C-A819-9A9A3D716EFC}"
EndProject
Project("{FAE04EC0-301F-11D3-BF4B-00C04F79EFBC}") = "04. Month Printer", "04. Month Printer\04. Month Printer.csproj", "{327390A9-CB0E-4E0A-A762-0DA71147CFE4}"
EndProject
Project("{FAE04EC0-301F-11D3-BF4B-00C04F79EFBC}") = "05. Foreign Languages", "05. Foreign Languages\05. Foreign Languages.csproj", "{4A686937-F1C5-40A8-9E02-EDFDEDA60FBE}"
EndProject
Project("{FAE04EC0-301F-11D3-BF4B-00C04F79EFBC}") = "06. Theatre Promotion", "06. Theatre Promotion\06. Theatre Promotion.csproj", "{CC3F0C72-6B14-4D97-9A9F-4760A9E4BE7C}"
EndProject
Project("{FAE04EC0-301F-11D3-BF4B-00C04F79EFBC}") = "07. Divisible by 3", "07. Divisible by 3\07. Divisible by 3.csproj", "{7DD79217-C410-4685-A224-4E13AD8704F8}"
EndProject
Project("{FAE04EC0-301F-11D3-BF4B-00C04F79EFBC}") = "08. Sum of Odd Numbers", "08. Sum of Odd Numbers\08. Sum of Odd Numbers.csproj", "{8649B808-9280-42F8-898C-4742D0797FEC}"
EndProject
Project("{FAE04EC0-301F-11D3-BF4B-00C04F79EFBC}") = "09. Multiplication Table", "09. Multiplication Table\09. Multiplication Table.csproj", "{CC23D875-91A6-438F-A483-F7AC8264A21B}"
EndProject
Project("{FAE04EC0-301F-11D3-BF4B-00C04F79EFBC}") = "10. Multiplication Table 2.0", "10. Multiplication Table 2.0\10. Multiplication Table 2.0.csproj", "{083B1855-3BC3-449A-A59B-28FDBF4C6CCF}"
EndProject
Project("{FAE04EC0-301F-11D3-BF4B-00C04F79EFBC}") = "11. Odd Number", "11. Odd Number\11. Odd Number.csproj", "{C3BD77BD-78C1-4AFF-BB91-37105C845701}"
EndProject
Project("{FAE04EC0-301F-11D3-BF4B-00C04F79EFBC}") = "12. Number Checker", "12. Number Checker\12. Number Checker.csproj", "{84AD643F-3880-4AD0-9D5F-D5815363B500}"
EndProject
Global
	GlobalSection(SolutionConfigurationPlatforms) = preSolution
		Debug|Any CPU = Debug|Any CPU
		Release|Any CPU = Release|Any CPU
	EndGlobalSection
	GlobalSection(ProjectConfigurationPlatforms) = postSolution
		{869A157B-3C25-4E12-83E3-486DB1446CD4}.Debug|Any CPU.ActiveCfg = Debug|Any CPU
		{869A157B-3C25-4E12-83E3-486DB1446CD4}.Debug|Any CPU.Build.0 = Debug|Any CPU
		{869A157B-3C25-4E12-83E3-486DB1446CD4}.Release|Any CPU.ActiveCfg = Release|Any CPU
		{869A157B-3C25-4E12-83E3-486DB1446CD4}.Release|Any CPU.Build.0 = Release|Any CPU
		{EF778B7D-1491-4996-9EC1-5629321A64E3}.Debug|Any CPU.ActiveCfg = Debug|Any CPU
		{EF778B7D-1491-4996-9EC1-5629321A64E3}.Debug|Any CPU.Build.0 = Debug|Any CPU
		{EF778B7D-1491-4996-9EC1-5629321A64E3}.Release|Any CPU.ActiveCfg = Release|Any CPU
		{EF778B7D-1491-4996-9EC1-5629321A64E3}.Release|Any CPU.Build.0 = Release|Any CPU
		{C01EEDA0-ED10-499C-A819-9A9A3D716EFC}.Debug|Any CPU.ActiveCfg = Debug|Any CPU
		{C01EEDA0-ED10-499C-A819-9A9A3D716EFC}.Debug|Any CPU.Build.0 = Debug|Any CPU
		{C01EEDA0-ED10-499C-A819-9A9A3D716EFC}.Release|Any CPU.ActiveCfg = Release|Any CPU
		{C01EEDA0-ED10-499C-A819-9A9A3D716EFC}.Release|Any CPU.Build.0 = Release|Any CPU
		{327390A9-CB0E-4E0A-A762-0DA71147CFE4}.Debug|Any CPU.ActiveCfg = Debug|Any CPU
		{327390A9-CB0E-4E0A-A762-0DA71147CFE4}.Debug|Any CPU.Build.0 = Debug|Any CPU
		{327390A9-CB0E-4E0A-A762-0DA71147CFE4}.Release|Any CPU.ActiveCfg = Release|Any CPU
		{327390A9-CB0E-4E0A-A762-0DA71147CFE4}.Release|Any CPU.Build.0 = Release|Any CPU
		{4A686937-F1C5-40A8-9E02-EDFDEDA60FBE}.Debug|Any CPU.ActiveCfg = Debug|Any CPU
		{4A686937-F1C5-40A8-9E02-EDFDEDA60FBE}.Debug|Any CPU.Build.0 = Debug|Any CPU
		{4A686937-F1C5-40A8-9E02-EDFDEDA60FBE}.Release|Any CPU.ActiveCfg = Release|Any CPU
		{4A686937-F1C5-40A8-9E02-EDFDEDA60FBE}.Release|Any CPU.Build.0 = Release|Any CPU
		{CC3F0C72-6B14-4D97-9A9F-4760A9E4BE7C}.Debug|Any CPU.ActiveCfg = Debug|Any CPU
		{CC3F0C72-6B14-4D97-9A9F-4760A9E4BE7C}.Debug|Any CPU.Build.0 = Debug|Any CPU
		{CC3F0C72-6B14-4D97-9A9F-4760A9E4BE7C}.Release|Any CPU.ActiveCfg = Release|Any CPU
		{CC3F0C72-6B14-4D97-9A9F-4760A9E4BE7C}.Release|Any CPU.Build.0 = Release|Any CPU
		{7DD79217-C410-4685-A224-4E13AD8704F8}.Debug|Any CPU.ActiveCfg = Debug|Any CPU
		{7DD79217-C410-4685-A224-4E13AD8704F8}.Debug|Any CPU.Build.0 = Debug|Any CPU
		{7DD79217-C410-4685-A224-4E13AD8704F8}.Release|Any CPU.ActiveCfg = Release|Any CPU
		{7DD79217-C410-4685-A224-4E13AD8704F8}.Release|Any CPU.Build.0 = Release|Any CPU
		{8649B808-9280-42F8-898C-4742D0797FEC}.Debug|Any CPU.ActiveCfg = Debug|Any CPU
		{8649B808-9280-42F8-898C-4742D0797FEC}.Debug|Any CPU.Build.0 = Debug|Any CPU
		{8649B808-9280-42F8-898C-4742D0797FEC}.Release|Any CPU.ActiveCfg = Release|Any CPU
		{8649B808-9280-42F8-898C-4742D0797FEC}.Release|Any CPU.Build.0 = Release|Any CPU
		{CC23D875-91A6-438F-A483-F7AC8264A21B}.Debug|Any CPU.ActiveCfg = Debug|Any CPU
		{CC23D875-91A6-438F-A483-F7AC8264A21B}.Debug|Any CPU.Build.0 = Debug|Any CPU
		{CC23D875-91A6-438F-A483-F7AC8264A21B}.Release|Any CPU.ActiveCfg = Release|Any CPU
		{CC23D875-91A6-438F-A483-F7AC8264A21B}.Release|Any CPU.Build.0 = Release|Any CPU
		{083B1855-3BC3-449A-A59B-28FDBF4C6CCF}.Debug|Any CPU.ActiveCfg = Debug|Any CPU
		{083B1855-3BC3-449A-A59B-28FDBF4C6CCF}.Debug|Any CPU.Build.0 = Debug|Any CPU
		{083B1855-3BC3-449A-A59B-28FDBF4C6CCF}.Release|Any CPU.ActiveCfg = Release|Any CPU
		{083B1855-3BC3-449A-A59B-28FDBF4C6CCF}.Release|Any CPU.Build.0 = Release|Any CPU
		{C3BD77BD-78C1-4AFF-BB91-37105C845701}.Debug|Any CPU.ActiveCfg = Debug|Any CPU
		{C3BD77BD-78C1-4AFF-BB91-37105C845701}.Debug|Any CPU.Build.0 = Debug|Any CPU
		{C3BD77BD-78C1-4AFF-BB91-37105C845701}.Release|Any CPU.ActiveCfg = Release|Any CPU
		{C3BD77BD-78C1-4AFF-BB91-37105C845701}.Release|Any CPU.Build.0 = Release|Any CPU
		{84AD643F-3880-4AD0-9D5F-D5815363B500}.Debug|Any CPU.ActiveCfg = Debug|Any CPU
		{84AD643F-3880-4AD0-9D5F-D5815363B500}.Debug|Any CPU.Build.0 = Debug|Any CPU
		{84AD643F-3880-4AD0-9D5F-D5815363B500}.Release|Any CPU.ActiveCfg = Release|Any CPU
		{84AD643F-3880-4AD0-9D5F-D5815363B500}.Release|Any CPU.Build.0 = Release|Any CPU
	EndGlobalSection
	GlobalSection(SolutionProperties) = preSolution
		HideSolutionNode = FALSE
	EndGlobalSection
	GlobalSection(ExtensibilityGlobals) = postSolution
		SolutionGuid = {3E7342C0-ADCA-4439-95CA-ABC5B0750D72}
	EndGlobalSection
EndGlobal
