
Microsoft Visual Studio Solution File, Format Version 12.00
# Visual Studio 15
VisualStudioVersion = 15.0.27130.2020
MinimumVisualStudioVersion = 10.0.40219.1
Project("{FAE04EC0-301F-11D3-BF4B-00C04F79EFBC}") = "01. Greeting", "01. Greeting\01. Greeting.csproj", "{346B2361-4229-47A4-B44F-A179A2396C0D}"
EndProject
Project("{FAE04EC0-301F-11D3-BF4B-00C04F79EFBC}") = "02. Add Two Numbers", "02. Add Two Numbers\02. Add Two Numbers.csproj", "{C5AB6BBC-EE3A-4F42-9331-6BAD76879E38}"
EndProject
Project("{FAE04EC0-301F-11D3-BF4B-00C04F79EFBC}") = "03. Employee Data", "03. Employee Data\03. Employee Data.csproj", "{5B10C3B5-CD61-4066-A0B5-B473CA285A50}"
EndProject
Global
	GlobalSection(SolutionConfigurationPlatforms) = preSolution
		Debug|Any CPU = Debug|Any CPU
		Release|Any CPU = Release|Any CPU
	EndGlobalSection
	GlobalSection(ProjectConfigurationPlatforms) = postSolution
		{346B2361-4229-47A4-B44F-A179A2396C0D}.Debug|Any CPU.ActiveCfg = Debug|Any CPU
		{346B2361-4229-47A4-B44F-A179A2396C0D}.Debug|Any CPU.Build.0 = Debug|Any CPU
		{346B2361-4229-47A4-B44F-A179A2396C0D}.Release|Any CPU.ActiveCfg = Release|Any CPU
		{346B2361-4229-47A4-B44F-A179A2396C0D}.Release|Any CPU.Build.0 = Release|Any CPU
		{C5AB6BBC-EE3A-4F42-9331-6BAD76879E38}.Debug|Any CPU.ActiveCfg = Debug|Any CPU
		{C5AB6BBC-EE3A-4F42-9331-6BAD76879E38}.Debug|Any CPU.Build.0 = Debug|Any CPU
		{C5AB6BBC-EE3A-4F42-9331-6BAD76879E38}.Release|Any CPU.ActiveCfg = Release|Any CPU
		{C5AB6BBC-EE3A-4F42-9331-6BAD76879E38}.Release|Any CPU.Build.0 = Release|Any CPU
		{5B10C3B5-CD61-4066-A0B5-B473CA285A50}.Debug|Any CPU.ActiveCfg = Debug|Any CPU
		{5B10C3B5-CD61-4066-A0B5-B473CA285A50}.Debug|Any CPU.Build.0 = Debug|Any CPU
		{5B10C3B5-CD61-4066-A0B5-B473CA285A50}.Release|Any CPU.ActiveCfg = Release|Any CPU
		{5B10C3B5-CD61-4066-A0B5-B473CA285A50}.Release|Any CPU.Build.0 = Release|Any CPU
	EndGlobalSection
	GlobalSection(SolutionProperties) = preSolution
		HideSolutionNode = FALSE
	EndGlobalSection
	GlobalSection(ExtensibilityGlobals) = postSolution
		SolutionGuid = {BA739500-703B-460D-ACBA-FB6145597D57}
	EndGlobalSection
EndGlobal
